
Microsoft Visual Studio Solution File, Format Version 12.00
# Visual Studio Version 17
VisualStudioVersion = 17.13.35828.75
MinimumVisualStudioVersion = 10.0.40219.1
Project("{FAE04EC0-301F-11D3-BF4B-00C04F79EFBC}") = "AnikLak", "AnikLak\AnikLak.csproj", "{6426B969-81A0-408D-AF5D-AF244EBE966D}"
EndProject
Global
	GlobalSection(SolutionConfigurationPlatforms) = preSolution
		Debug|Any CPU = Debug|Any CPU
		Release|Any CPU = Release|Any CPU
	EndGlobalSection
	GlobalSection(ProjectConfigurationPlatforms) = postSolution
		{6426B969-81A0-408D-AF5D-AF244EBE966D}.Debug|Any CPU.ActiveCfg = Debug|Any CPU
		{6426B969-81A0-408D-AF5D-AF244EBE966D}.Debug|Any CPU.Build.0 = Debug|Any CPU
		{6426B969-81A0-408D-AF5D-AF244EBE966D}.Debug|Any CPU.Deploy.0 = Debug|Any CPU
		{6426B969-81A0-408D-AF5D-AF244EBE966D}.Release|Any CPU.ActiveCfg = Release|Any CPU
		{6426B969-81A0-408D-AF5D-AF244EBE966D}.Release|Any CPU.Build.0 = Release|Any CPU
		{6426B969-81A0-408D-AF5D-AF244EBE966D}.Release|Any CPU.Deploy.0 = Release|Any CPU
	EndGlobalSection
	GlobalSection(SolutionProperties) = preSolution
		HideSolutionNode = FALSE
	EndGlobalSection
	GlobalSection(ExtensibilityGlobals) = postSolution
		SolutionGuid = {5472E6EE-DB21-45E2-B8C6-6D8960744483}
	EndGlobalSection
EndGlobal
